
Microsoft Visual Studio Solution File, Format Version 12.00
# Visual Studio Version 16
VisualStudioVersion = 16.0.29025.244
MinimumVisualStudioVersion = 10.0.40219.1
Project("{FAE04EC0-301F-11D3-BF4B-00C04F79EFBC}") = "ASPNETMVCAuthentication", "ASPNETMVCAuthentication\ASPNETMVCAuthentication.csproj", "{5B39FDEA-1D55-482F-ADDD-25473424F0BE}"
EndProject
Global
	GlobalSection(SolutionConfigurationPlatforms) = preSolution
		Debug|Any CPU = Debug|Any CPU
		Release|Any CPU = Release|Any CPU
	EndGlobalSection
	GlobalSection(ProjectConfigurationPlatforms) = postSolution
		{5B39FDEA-1D55-482F-ADDD-25473424F0BE}.Debug|Any CPU.ActiveCfg = Debug|Any CPU
		{5B39FDEA-1D55-482F-ADDD-25473424F0BE}.Debug|Any CPU.Build.0 = Debug|Any CPU
		{5B39FDEA-1D55-482F-ADDD-25473424F0BE}.Release|Any CPU.ActiveCfg = Release|Any CPU
		{5B39FDEA-1D55-482F-ADDD-25473424F0BE}.Release|Any CPU.Build.0 = Release|Any CPU
	EndGlobalSection
	GlobalSection(SolutionProperties) = preSolution
		HideSolutionNode = FALSE
	EndGlobalSection
	GlobalSection(ExtensibilityGlobals) = postSolution
		SolutionGuid = {D65E4729-8240-48FA-AAEF-9D2F5AFC6BE4}
	EndGlobalSection
EndGlobal
